// !$*UTF8*$!
{
	archiveVersion = 1;
	classes = {
	};
	objectVersion = 56;
	objects = {

/* Begin PBXBuildFile section */
		25413EF42BD8AE540072C6BE /* main.cpp in Sources */ = {isa = PBXBuildFile; fileRef = 25413EF32BD8AE540072C6BE /* main.cpp */; };
		254B99CB2BE586AD00BFADF4 /* Skills.cpp in Sources */ = {isa = PBXBuildFile; fileRef = 254B99C92BE586AD00BFADF4 /* Skills.cpp */; };
		25797E9E2BDCB6A8001720FA /* text_utils.cpp in Sources */ = {isa = PBXBuildFile; fileRef = 25797E9D2BDCB6A8001720FA /* text_utils.cpp */; };
		25C44C352BDB4A0F00F752DA /* libcurl.tbd in Frameworks */ = {isa = PBXBuildFile; fileRef = 25C44C342BDB4A0F00F752DA /* libcurl.tbd */; };
/* End PBXBuildFile section */

/* Begin PBXCopyFilesBuildPhase section */
		25413EEE2BD8AE540072C6BE /* CopyFiles */ = {
			isa = PBXCopyFilesBuildPhase;
			buildActionMask = 2147483647;
			dstPath = /usr/share/man/man1/;
			dstSubfolderSpec = 0;
			files = (
			);
			runOnlyForDeploymentPostprocessing = 1;
		};
/* End PBXCopyFilesBuildPhase section */

/* Begin PBXFileReference section */
		25413EF02BD8AE540072C6BE /* AIBookEngine */ = {isa = PBXFileReference; explicitFileType = "compiled.mach-o.executable"; includeInIndex = 0; path = AIBookEngine; sourceTree = BUILT_PRODUCTS_DIR; };
		25413EF32BD8AE540072C6BE /* main.cpp */ = {isa = PBXFileReference; lastKnownFileType = sourcecode.cpp.cpp; path = main.cpp; sourceTree = "<group>"; };
		254B99C92BE586AD00BFADF4 /* Skills.cpp */ = {isa = PBXFileReference; lastKnownFileType = sourcecode.cpp.cpp; path = Skills.cpp; sourceTree = "<group>"; };
		254B99CA2BE586AD00BFADF4 /* Skills.hpp */ = {isa = PBXFileReference; lastKnownFileType = sourcecode.cpp.h; path = Skills.hpp; sourceTree = "<group>"; };
		25797E9C2BDCB675001720FA /* text_utils.hpp */ = {isa = PBXFileReference; lastKnownFileType = sourcecode.cpp.h; path = text_utils.hpp; sourceTree = "<group>"; };
		25797E9D2BDCB6A8001720FA /* text_utils.cpp */ = {isa = PBXFileReference; lastKnownFileType = sourcecode.cpp.cpp; path = text_utils.cpp; sourceTree = "<group>"; };
		2594DD1D2BDC36F800591D88 /* sample_prompt */ = {isa = PBXFileReference; lastKnownFileType = text; path = sample_prompt; sourceTree = "<group>"; };
		25C44C342BDB4A0F00F752DA /* libcurl.tbd */ = {isa = PBXFileReference; lastKnownFileType = "sourcecode.text-based-dylib-definition"; name = libcurl.tbd; path = usr/lib/libcurl.tbd; sourceTree = SDKROOT; };
/* End PBXFileReference section */

/* Begin PBXFrameworksBuildPhase section */
		25413EED2BD8AE540072C6BE /* Frameworks */ = {
			isa = PBXFrameworksBuildPhase;
			buildActionMask = 2147483647;
			files = (
				25C44C352BDB4A0F00F752DA /* libcurl.tbd in Frameworks */,
			);
			runOnlyForDeploymentPostprocessing = 0;
		};
/* End PBXFrameworksBuildPhase section */

/* Begin PBXGroup section */
		25413EE72BD8AE540072C6BE = {
			isa = PBXGroup;
			children = (
				25413EF22BD8AE540072C6BE /* AIBookEngine */,
				25413EF12BD8AE540072C6BE /* Products */,
				25C44C332BDB4A0F00F752DA /* Frameworks */,
			);
			sourceTree = "<group>";
		};
		25413EF12BD8AE540072C6BE /* Products */ = {
			isa = PBXGroup;
			children = (
				25413EF02BD8AE540072C6BE /* AIBookEngine */,
			);
			name = Products;
			sourceTree = "<group>";
		};
		25413EF22BD8AE540072C6BE /* AIBookEngine */ = {
			isa = PBXGroup;
			children = (
				254B99C82BE5868400BFADF4 /* AI */,
				2594DD1D2BDC36F800591D88 /* sample_prompt */,
				25413EF32BD8AE540072C6BE /* main.cpp */,
				25797E9C2BDCB675001720FA /* text_utils.hpp */,
				25797E9D2BDCB6A8001720FA /* text_utils.cpp */,
			);
			path = AIBookEngine;
			sourceTree = "<group>";
		};
		254B99C82BE5868400BFADF4 /* AI */ = {
			isa = PBXGroup;
			children = (
				254B99C92BE586AD00BFADF4 /* Skills.cpp */,
				254B99CA2BE586AD00BFADF4 /* Skills.hpp */,
			);
			path = AI;
			sourceTree = "<group>";
		};
		25C44C332BDB4A0F00F752DA /* Frameworks */ = {
			isa = PBXGroup;
			children = (
				25C44C342BDB4A0F00F752DA /* libcurl.tbd */,
			);
			name = Frameworks;
			sourceTree = "<group>";
		};
/* End PBXGroup section */

/* Begin PBXNativeTarget section */
		25413EEF2BD8AE540072C6BE /* AIBookEngine */ = {
			isa = PBXNativeTarget;
			buildConfigurationList = 25413EF72BD8AE540072C6BE /* Build configuration list for PBXNativeTarget "AIBookEngine" */;
			buildPhases = (
				25413EEC2BD8AE540072C6BE /* Sources */,
				25413EED2BD8AE540072C6BE /* Frameworks */,
				25413EEE2BD8AE540072C6BE /* CopyFiles */,
			);
			buildRules = (
			);
			dependencies = (
			);
			name = AIBookEngine;
			productName = AIBookEngine;
			productReference = 25413EF02BD8AE540072C6BE /* AIBookEngine */;
			productType = "com.apple.product-type.tool";
		};
/* End PBXNativeTarget section */

/* Begin PBXProject section */
		25413EE82BD8AE540072C6BE /* Project object */ = {
			isa = PBXProject;
			attributes = {
				BuildIndependentTargetsInParallel = 1;
				LastUpgradeCheck = 1530;
				TargetAttributes = {
					25413EEF2BD8AE540072C6BE = {
						CreatedOnToolsVersion = 15.3;
					};
				};
			};
			buildConfigurationList = 25413EEB2BD8AE540072C6BE /* Build configuration list for PBXProject "AIBookEngine" */;
			compatibilityVersion = "Xcode 14.0";
			developmentRegion = en;
			hasScannedForEncodings = 0;
			knownRegions = (
				en,
				Base,
			);
			mainGroup = 25413EE72BD8AE540072C6BE;
			productRefGroup = 25413EF12BD8AE540072C6BE /* Products */;
			projectDirPath = "";
			projectRoot = "";
			targets = (
				25413EEF2BD8AE540072C6BE /* AIBookEngine */,
			);
		};
/* End PBXProject section */

/* Begin PBXSourcesBuildPhase section */
		25413EEC2BD8AE540072C6BE /* Sources */ = {
			isa = PBXSourcesBuildPhase;
			buildActionMask = 2147483647;
			files = (
				25797E9E2BDCB6A8001720FA /* text_utils.cpp in Sources */,
				25413EF42BD8AE540072C6BE /* main.cpp in Sources */,
				254B99CB2BE586AD00BFADF4 /* Skills.cpp in Sources */,
			);
			runOnlyForDeploymentPostprocessing = 0;
		};
/* End PBXSourcesBuildPhase section */

/* Begin XCBuildConfiguration section */
		25413EF52BD8AE540072C6BE /* Debug */ = {
			isa = XCBuildConfiguration;
			buildSettings = {
				ALWAYS_SEARCH_USER_PATHS = NO;
				ASSETCATALOG_COMPILER_GENERATE_SWIFT_ASSET_SYMBOL_EXTENSIONS = YES;
				CLANG_ANALYZER_NONNULL = YES;
				CLANG_ANALYZER_NUMBER_OBJECT_CONVERSION = YES_AGGRESSIVE;
				CLANG_CXX_LANGUAGE_STANDARD = "gnu++20";
				CLANG_ENABLE_MODULES = YES;
				CLANG_ENABLE_OBJC_ARC = YES;
				CLANG_ENABLE_OBJC_WEAK = YES;
				CLANG_WARN_BLOCK_CAPTURE_AUTORELEASING = YES;
				CLANG_WARN_BOOL_CONVERSION = YES;
				CLANG_WARN_COMMA = YES;
				CLANG_WARN_CONSTANT_CONVERSION = YES;
				CLANG_WARN_DEPRECATED_OBJC_IMPLEMENTATIONS = YES;
				CLANG_WARN_DIRECT_OBJC_ISA_USAGE = YES_ERROR;
				CLANG_WARN_DOCUMENTATION_COMMENTS = YES;
				CLANG_WARN_EMPTY_BODY = YES;
				CLANG_WARN_ENUM_CONVERSION = YES;
				CLANG_WARN_INFINITE_RECURSION = YES;
				CLANG_WARN_INT_CONVERSION = YES;
				CLANG_WARN_NON_LITERAL_NULL_CONVERSION = YES;
				CLANG_WARN_OBJC_IMPLICIT_RETAIN_SELF = YES;
				CLANG_WARN_OBJC_LITERAL_CONVERSION = YES;
				CLANG_WARN_OBJC_ROOT_CLASS = YES_ERROR;
				CLANG_WARN_QUOTED_INCLUDE_IN_FRAMEWORK_HEADER = YES;
				CLANG_WARN_RANGE_LOOP_ANALYSIS = YES;
				CLANG_WARN_STRICT_PROTOTYPES = YES;
				CLANG_WARN_SUSPICIOUS_MOVE = YES;
				CLANG_WARN_UNGUARDED_AVAILABILITY = YES_AGGRESSIVE;
				CLANG_WARN_UNREACHABLE_CODE = YES;
				CLANG_WARN__DUPLICATE_METHOD_MATCH = YES;
				COPY_PHASE_STRIP = NO;
				DEBUG_INFORMATION_FORMAT = dwarf;
				ENABLE_STRICT_OBJC_MSGSEND = YES;
				ENABLE_TESTABILITY = YES;
				ENABLE_USER_SCRIPT_SANDBOXING = YES;
				GCC_C_LANGUAGE_STANDARD = gnu17;
				GCC_DYNAMIC_NO_PIC = NO;
				GCC_NO_COMMON_BLOCKS = YES;
				GCC_OPTIMIZATION_LEVEL = 0;
				GCC_PREPROCESSOR_DEFINITIONS = (
					"DEBUG=1",
					"$(inherited)",
				);
				GCC_WARN_64_TO_32_BIT_CONVERSION = YES;
				GCC_WARN_ABOUT_RETURN_TYPE = YES_ERROR;
				GCC_WARN_UNDECLARED_SELECTOR = YES;
				GCC_WARN_UNINITIALIZED_AUTOS = YES_AGGRESSIVE;
				GCC_WARN_UNUSED_FUNCTION = YES;
				GCC_WARN_UNUSED_VARIABLE = YES;
				LOCALIZATION_PREFERS_STRING_CATALOGS = YES;
				MACOSX_DEPLOYMENT_TARGET = 14.4;
				MTL_ENABLE_DEBUG_INFO = INCLUDE_SOURCE;
				MTL_FAST_MATH = YES;
				ONLY_ACTIVE_ARCH = YES;
				SDKROOT = macosx;
			};
			name = Debug;
		};
		25413EF62BD8AE540072C6BE /* Release */ = {
			isa = XCBuildConfiguration;
			buildSettings = {
				ALWAYS_SEARCH_USER_PATHS = NO;
				ASSETCATALOG_COMPILER_GENERATE_SWIFT_ASSET_SYMBOL_EXTENSIONS = YES;
				CLANG_ANALYZER_NONNULL = YES;
				CLANG_ANALYZER_NUMBER_OBJECT_CONVERSION = YES_AGGRESSIVE;
				CLANG_CXX_LANGUAGE_STANDARD = "gnu++20";
				CLANG_ENABLE_MODULES = YES;
				CLANG_ENABLE_OBJC_ARC = YES;
				CLANG_ENABLE_OBJC_WEAK = YES;
				CLANG_WARN_BLOCK_CAPTURE_AUTORELEASING = YES;
				CLANG_WARN_BOOL_CONVERSION = YES;
				CLANG_WARN_COMMA = YES;
				CLANG_WARN_CONSTANT_CONVERSION = YES;
				CLANG_WARN_DEPRECATED_OBJC_IMPLEMENTATIONS = YES;
				CLANG_WARN_DIRECT_OBJC_ISA_USAGE = YES_ERROR;
				CLANG_WARN_DOCUMENTATION_COMMENTS = YES;
				CLANG_WARN_EMPTY_BODY = YES;
				CLANG_WARN_ENUM_CONVERSION = YES;
				CLANG_WARN_INFINITE_RECURSION = YES;
				CLANG_WARN_INT_CONVERSION = YES;
				CLANG_WARN_NON_LITERAL_NULL_CONVERSION = YES;
				CLANG_WARN_OBJC_IMPLICIT_RETAIN_SELF = YES;
				CLANG_WARN_OBJC_LITERAL_CONVERSION = YES;
				CLANG_WARN_OBJC_ROOT_CLASS = YES_ERROR;
				CLANG_WARN_QUOTED_INCLUDE_IN_FRAMEWORK_HEADER = YES;
				CLANG_WARN_RANGE_LOOP_ANALYSIS = YES;
				CLANG_WARN_STRICT_PROTOTYPES = YES;
				CLANG_WARN_SUSPICIOUS_MOVE = YES;
				CLANG_WARN_UNGUARDED_AVAILABILITY = YES_AGGRESSIVE;
				CLANG_WARN_UNREACHABLE_CODE = YES;
				CLANG_WARN__DUPLICATE_METHOD_MATCH = YES;
				COPY_PHASE_STRIP = NO;
				DEBUG_INFORMATION_FORMAT = "dwarf-with-dsym";
				ENABLE_NS_ASSERTIONS = NO;
				ENABLE_STRICT_OBJC_MSGSEND = YES;
				ENABLE_USER_SCRIPT_SANDBOXING = YES;
				GCC_C_LANGUAGE_STANDARD = gnu17;
				GCC_NO_COMMON_BLOCKS = YES;
				GCC_WARN_64_TO_32_BIT_CONVERSION = YES;
				GCC_WARN_ABOUT_RETURN_TYPE = YES_ERROR;
				GCC_WARN_UNDECLARED_SELECTOR = YES;
				GCC_WARN_UNINITIALIZED_AUTOS = YES_AGGRESSIVE;
				GCC_WARN_UNUSED_FUNCTION = YES;
				GCC_WARN_UNUSED_VARIABLE = YES;
				LOCALIZATION_PREFERS_STRING_CATALOGS = YES;
				MACOSX_DEPLOYMENT_TARGET = 14.4;
				MTL_ENABLE_DEBUG_INFO = NO;
				MTL_FAST_MATH = YES;
				SDKROOT = macosx;
			};
			name = Release;
		};
		25413EF82BD8AE540072C6BE /* Debug */ = {
			isa = XCBuildConfiguration;
			buildSettings = {
				CODE_SIGN_STYLE = Automatic;
				"HEADER_SEARCH_PATHS[arch=*]" = (
					/usr/local/include,
					/usr/local/opt/curl/include,
				);
				"LIBRARY_SEARCH_PATHS[arch=*]" = /usr/local/opt/curl/lib;
				PRODUCT_NAME = "$(TARGET_NAME)";
			};
			name = Debug;
		};
		25413EF92BD8AE540072C6BE /* Release */ = {
			isa = XCBuildConfiguration;
			buildSettings = {
				CODE_SIGN_STYLE = Automatic;
				"HEADER_SEARCH_PATHS[arch=*]" = (
					/usr/local/include,
					/usr/local/opt/curl/include,
				);
				"LIBRARY_SEARCH_PATHS[arch=*]" = /usr/local/opt/curl/lib;
				PRODUCT_NAME = "$(TARGET_NAME)";
			};
			name = Release;
		};
/* End XCBuildConfiguration section */

/* Begin XCConfigurationList section */
		25413EEB2BD8AE540072C6BE /* Build configuration list for PBXProject "AIBookEngine" */ = {
			isa = XCConfigurationList;
			buildConfigurations = (
				25413EF52BD8AE540072C6BE /* Debug */,
				25413EF62BD8AE540072C6BE /* Release */,
			);
			defaultConfigurationIsVisible = 0;
			defaultConfigurationName = Release;
		};
		25413EF72BD8AE540072C6BE /* Build configuration list for PBXNativeTarget "AIBookEngine" */ = {
			isa = XCConfigurationList;
			buildConfigurations = (
				25413EF82BD8AE540072C6BE /* Debug */,
				25413EF92BD8AE540072C6BE /* Release */,
			);
			defaultConfigurationIsVisible = 0;
			defaultConfigurationName = Release;
		};
/* End XCConfigurationList section */
	};
	rootObject = 25413EE82BD8AE540072C6BE /* Project object */;
}
